
Microsoft Visual Studio Solution File, Format Version 12.00
# Visual Studio Version 17
VisualStudioVersion = 17.11.35222.181
MinimumVisualStudioVersion = 10.0.40219.1
Project("{9A19103F-16F7-4668-BE54-9A1E7A4F7556}") = "Server", "Server\Server.csproj", "{1CBBF6C2-B82B-4764-A5B1-682B51146B11}"
EndProject
Project("{FAE04EC0-301F-11D3-BF4B-00C04F79EFBC}") = "ClientWinForm", "ClientWinForm\ClientWinForm.csproj", "{D83938A5-FF76-4D21-B9FA-D0866081AECC}"
EndProject
Global
	GlobalSection(SolutionConfigurationPlatforms) = preSolution
		Debug|Any CPU = Debug|Any CPU
		Release|Any CPU = Release|Any CPU
	EndGlobalSection
	GlobalSection(ProjectConfigurationPlatforms) = postSolution
		{1CBBF6C2-B82B-4764-A5B1-682B51146B11}.Debug|Any CPU.ActiveCfg = Debug|Any CPU
		{1CBBF6C2-B82B-4764-A5B1-682B51146B11}.Debug|Any CPU.Build.0 = Debug|Any CPU
		{1CBBF6C2-B82B-4764-A5B1-682B51146B11}.Release|Any CPU.ActiveCfg = Release|Any CPU
		{1CBBF6C2-B82B-4764-A5B1-682B51146B11}.Release|Any CPU.Build.0 = Release|Any CPU
		{D83938A5-FF76-4D21-B9FA-D0866081AECC}.Debug|Any CPU.ActiveCfg = Debug|Any CPU
		{D83938A5-FF76-4D21-B9FA-D0866081AECC}.Debug|Any CPU.Build.0 = Debug|Any CPU
		{D83938A5-FF76-4D21-B9FA-D0866081AECC}.Release|Any CPU.ActiveCfg = Release|Any CPU
		{D83938A5-FF76-4D21-B9FA-D0866081AECC}.Release|Any CPU.Build.0 = Release|Any CPU
	EndGlobalSection
	GlobalSection(SolutionProperties) = preSolution
		HideSolutionNode = FALSE
	EndGlobalSection
	GlobalSection(ExtensibilityGlobals) = postSolution
		SolutionGuid = {7225A427-EF22-4C4F-9632-8CAA96E69E5D}
	EndGlobalSection
EndGlobal
